
Microsoft Visual Studio Solution File, Format Version 11.00
# Visual Studio 2010
Project("{FAE04EC0-301F-11D3-BF4B-00C04F79EFBC}") = "StealerBin", "StealerBin\StealerBin.csproj", "{68418549-DBEA-4472-8505-AC7E0083245E}"
EndProject
Global
	GlobalSection(SolutionConfigurationPlatforms) = preSolution
		Debug|Any CPU = Debug|Any CPU
		Release|Any CPU = Release|Any CPU
	EndGlobalSection
	GlobalSection(ProjectConfigurationPlatforms) = postSolution
		{68418549-DBEA-4472-8505-AC7E0083245E}.Debug|Any CPU.ActiveCfg = Debug|Any CPU
		{68418549-DBEA-4472-8505-AC7E0083245E}.Debug|Any CPU.Build.0 = Debug|Any CPU
		{68418549-DBEA-4472-8505-AC7E0083245E}.Release|Any CPU.ActiveCfg = Release|Any CPU
		{68418549-DBEA-4472-8505-AC7E0083245E}.Release|Any CPU.Build.0 = Release|Any CPU
	EndGlobalSection
	GlobalSection(SolutionProperties) = preSolution
		HideSolutionNode = FALSE
	EndGlobalSection
EndGlobal
